<?xml version="1.0" encoding="utf-8"?>
<Project ToolsVersion="4.0" xmlns="http://schemas.microsoft.com/developer/msbuild/2003">
  <ItemGroup>
    <Filter Include="소스 파일">
      <UniqueIdentifier>{4FC737F1-C7A5-4376-A066-2A32D752A2FF}</UniqueIdentifier>
      <Extensions>cpp;c;cc;cxx;c++;cppm;ixx;def;odl;idl;hpj;bat;asm;asmx</Extensions>
    </Filter>
    <Filter Include="헤더 파일">
      <UniqueIdentifier>{93995380-89BD-4b04-88EB-625FBE52EBFB}</UniqueIdentifier>
      <Extensions>h;hh;hpp;hxx;h++;hm;inl;inc;ipp;xsd</Extensions>
    </Filter>
    <Filter Include="리소스 파일">
      <UniqueIdentifier>{67DA6AB6-F800-4c08-8B7A-83BB121AAD01}</UniqueIdentifier>
      <Extensions>rc;ico;cur;bmp;dlg;rc2;rct;bin;rgs;gif;jpg;jpeg;jpe;resx;tiff;tif;png;wav;mfcribbon-ms</Extensions>
    </Filter>
    <Filter Include="소스 파일\Conditional">
      <UniqueIdentifier>{9bf6de93-5618-4817-b190-6987a673be36}</UniqueIdentifier>
    </Filter>
    <Filter Include="소스 파일\Iteration">
      <UniqueIdentifier>{3e0a7baa-189b-42d5-949a-b68a63ca3270}</UniqueIdentifier>
    </Filter>
    <Filter Include="소스 파일\I/O &amp; elementary arithmetic">
      <UniqueIdentifier>{499a4a03-382b-4dce-a7c2-e58b6a5a217c}</UniqueIdentifier>
    </Filter>
  </ItemGroup>
  <ItemGroup>
    <ClCompile Include="baekjoon\Conditional_\1330.c">
      <Filter>소스 파일\Conditional</Filter>
    </ClCompile>
    <ClCompile Include="baekjoon\Conditional_\2480.c">
      <Filter>소스 파일\Conditional</Filter>
    </ClCompile>
    <ClCompile Include="baekjoon\Conditional_\2525.c">
      <Filter>소스 파일\Conditional</Filter>
    </ClCompile>
    <ClCompile Include="baekjoon\Conditional_\2753.c">
      <Filter>소스 파일\Conditional</Filter>
    </ClCompile>
    <ClCompile Include="baekjoon\Conditional_\2884.c">
      <Filter>소스 파일\Conditional</Filter>
    </ClCompile>
    <ClCompile Include="baekjoon\Conditional_\9498.c">
      <Filter>소스 파일\Conditional</Filter>
    </ClCompile>
    <ClCompile Include="baekjoon\Conditional_\14681.c">
      <Filter>소스 파일\Conditional</Filter>
    </ClCompile>
    <ClCompile Include="baekjoon\IO &amp; elementary arithmetic__\18108.c">
      <Filter>소스 파일\I/O &amp; elementary arithmetic</Filter>
    </ClCompile>
    <ClCompile Include="baekjoon\IO &amp; elementary arithmetic__\11382.c">
      <Filter>소스 파일\I/O &amp; elementary arithmetic</Filter>
    </ClCompile>
    <ClCompile Include="baekjoon\IO &amp; elementary arithmetic__\10998.c">
      <Filter>소스 파일\I/O &amp; elementary arithmetic</Filter>
    </ClCompile>
    <ClCompile Include="baekjoon\IO &amp; elementary arithmetic__\10926.c">
      <Filter>소스 파일\I/O &amp; elementary arithmetic</Filter>
    </ClCompile>
    <ClCompile Include="baekjoon\IO &amp; elementary arithmetic__\10869.c">
      <Filter>소스 파일\I/O &amp; elementary arithmetic</Filter>
    </ClCompile>
    <ClCompile Include="baekjoon\IO &amp; elementary arithmetic__\10430.c">
      <Filter>소스 파일\I/O &amp; elementary arithmetic</Filter>
    </ClCompile>
    <ClCompile Include="baekjoon\IO &amp; elementary arithmetic__\10172.c">
      <Filter>소스 파일\I/O &amp; elementary arithmetic</Filter>
    </ClCompile>
    <ClCompile Include="baekjoon\IO &amp; elementary arithmetic__\10171.c">
      <Filter>소스 파일\I/O &amp; elementary arithmetic</Filter>
    </ClCompile>
    <ClCompile Include="baekjoon\IO &amp; elementary arithmetic__\2588.c">
      <Filter>소스 파일\I/O &amp; elementary arithmetic</Filter>
    </ClCompile>
    <ClCompile Include="baekjoon\IO &amp; elementary arithmetic__\2557.c">
      <Filter>소스 파일\I/O &amp; elementary arithmetic</Filter>
    </ClCompile>
    <ClCompile Include="baekjoon\IO &amp; elementary arithmetic__\1008.c">
      <Filter>소스 파일\I/O &amp; elementary arithmetic</Filter>
    </ClCompile>
    <ClCompile Include="baekjoon\IO &amp; elementary arithmetic__\1001.c">
      <Filter>소스 파일\I/O &amp; elementary arithmetic</Filter>
    </ClCompile>
    <ClCompile Include="baekjoon\IO &amp; elementary arithmetic__\1000.c">
      <Filter>소스 파일\I/O &amp; elementary arithmetic</Filter>
    </ClCompile>
    <ClCompile Include="baekjoon\Iteration\2439.c">
      <Filter>소스 파일\Iteration</Filter>
    </ClCompile>
    <ClCompile Include="baekjoon\Iteration\2739.c">
      <Filter>소스 파일\Iteration</Filter>
    </ClCompile>
    <ClCompile Include="baekjoon\Iteration\8393.c">
      <Filter>소스 파일\Iteration</Filter>
    </ClCompile>
    <ClCompile Include="baekjoon\Iteration\10950.c">
      <Filter>소스 파일\Iteration</Filter>
    </ClCompile>
    <ClCompile Include="baekjoon\Iteration\11021.c">
      <Filter>소스 파일\Iteration</Filter>
    </ClCompile>
    <ClCompile Include="baekjoon\Iteration\11022.c">
      <Filter>소스 파일\Iteration</Filter>
    </ClCompile>
    <ClCompile Include="baekjoon\Iteration\15552.c">
      <Filter>소스 파일\Iteration</Filter>
    </ClCompile>
    <ClCompile Include="baekjoon\Iteration\25304.c">
      <Filter>소스 파일\Iteration</Filter>
    </ClCompile>
    <ClCompile Include="baekjoon\Iteration\25314.c">
      <Filter>소스 파일\Iteration</Filter>
    </ClCompile>
    <ClCompile Include="2438.c">
      <Filter>소스 파일\Iteration</Filter>
    </ClCompile>
  </ItemGroup>
  <ItemGroup>
    <Text Include="baekjoon\Conditional_\readme.txt">
      <Filter>소스 파일\Conditional</Filter>
    </Text>
    <Text Include="baekjoon\IO &amp; elementary arithmetic__\readme.txt">
      <Filter>소스 파일\I/O &amp; elementary arithmetic</Filter>
    </Text>
    <Text Include="baekjoon\Iteration\readme.txt">
      <Filter>소스 파일\Iteration</Filter>
    </Text>
  </ItemGroup>
</Project>